
Microsoft Visual Studio Solution File, Format Version 12.00
# Visual Studio Version 17
VisualStudioVersion = 17.9.34701.34
MinimumVisualStudioVersion = 10.0.40219.1
Project("{FAE04EC0-301F-11D3-BF4B-00C04F79EFBC}") = "Task10", "Task10\Task10.csproj", "{4A226E00-1533-4A29-99D2-7219DFE0D845}"
EndProject
Global
	GlobalSection(SolutionConfigurationPlatforms) = preSolution
		Debug|Any CPU = Debug|Any CPU
		Release|Any CPU = Release|Any CPU
	EndGlobalSection
	GlobalSection(ProjectConfigurationPlatforms) = postSolution
		{4A226E00-1533-4A29-99D2-7219DFE0D845}.Debug|Any CPU.ActiveCfg = Debug|Any CPU
		{4A226E00-1533-4A29-99D2-7219DFE0D845}.Debug|Any CPU.Build.0 = Debug|Any CPU
		{4A226E00-1533-4A29-99D2-7219DFE0D845}.Release|Any CPU.ActiveCfg = Release|Any CPU
		{4A226E00-1533-4A29-99D2-7219DFE0D845}.Release|Any CPU.Build.0 = Release|Any CPU
	EndGlobalSection
	GlobalSection(SolutionProperties) = preSolution
		HideSolutionNode = FALSE
	EndGlobalSection
	GlobalSection(ExtensibilityGlobals) = postSolution
		SolutionGuid = {578E26C1-7D33-446F-A126-BF7ED69529E9}
	EndGlobalSection
EndGlobal
